
Microsoft Visual Studio Solution File, Format Version 12.00
# Visual Studio 15
VisualStudioVersion = 15.0.27428.2043
MinimumVisualStudioVersion = 10.0.40219.1
Project("{FAE04EC0-301F-11D3-BF4B-00C04F79EFBC}") = "Stock1", "Stock1\Stock1.csproj", "{330C22D2-5470-47D3-AA85-278BC2664E5A}"
EndProject
Global
	GlobalSection(SolutionConfigurationPlatforms) = preSolution
		Debug|Any CPU = Debug|Any CPU
		Release|Any CPU = Release|Any CPU
	EndGlobalSection
	GlobalSection(ProjectConfigurationPlatforms) = postSolution
		{330C22D2-5470-47D3-AA85-278BC2664E5A}.Debug|Any CPU.ActiveCfg = Debug|Any CPU
		{330C22D2-5470-47D3-AA85-278BC2664E5A}.Debug|Any CPU.Build.0 = Debug|Any CPU
		{330C22D2-5470-47D3-AA85-278BC2664E5A}.Release|Any CPU.ActiveCfg = Debug|Any CPU
		{330C22D2-5470-47D3-AA85-278BC2664E5A}.Release|Any CPU.Build.0 = Debug|Any CPU
	EndGlobalSection
	GlobalSection(SolutionProperties) = preSolution
		HideSolutionNode = FALSE
	EndGlobalSection
	GlobalSection(ExtensibilityGlobals) = postSolution
		SolutionGuid = {D75A687E-83E1-4025-B515-745D4C6FA500}
	EndGlobalSection
EndGlobal
